
Microsoft Visual Studio Solution File, Format Version 12.00
# Visual Studio Version 17
VisualStudioVersion = 17.0.31717.71
MinimumVisualStudioVersion = 10.0.40219.1
Project("{FAE04EC0-301F-11D3-BF4B-00C04F79EFBC}") = "FindCinABC", "FindCinABC.csproj", "{B7C72437-832B-4842-AF62-0714938C2169}"
EndProject
Global
	GlobalSection(SolutionConfigurationPlatforms) = preSolution
		Debug|Any CPU = Debug|Any CPU
		Release|Any CPU = Release|Any CPU
	EndGlobalSection
	GlobalSection(ProjectConfigurationPlatforms) = postSolution
		{B7C72437-832B-4842-AF62-0714938C2169}.Debug|Any CPU.ActiveCfg = Debug|Any CPU
		{B7C72437-832B-4842-AF62-0714938C2169}.Debug|Any CPU.Build.0 = Debug|Any CPU
		{B7C72437-832B-4842-AF62-0714938C2169}.Release|Any CPU.ActiveCfg = Release|Any CPU
		{B7C72437-832B-4842-AF62-0714938C2169}.Release|Any CPU.Build.0 = Release|Any CPU
	EndGlobalSection
	GlobalSection(SolutionProperties) = preSolution
		HideSolutionNode = FALSE
	EndGlobalSection
	GlobalSection(ExtensibilityGlobals) = postSolution
		SolutionGuid = {4C686165-0F3B-466E-AC79-520C35853053}
	EndGlobalSection
EndGlobal
